
Microsoft Visual Studio Solution File, Format Version 12.00
# Visual Studio Version 17
VisualStudioVersion = 17.5.002.0
MinimumVisualStudioVersion = 10.0.40219.1
Project("{9A19103F-16F7-4668-BE54-9A1E7A4F7556}") = "Heist1", "Heist1.csproj", "{1DBB3860-5DA0-4885-B738-6E90D02A895A}"
EndProject
Global
	GlobalSection(SolutionConfigurationPlatforms) = preSolution
		Debug|Any CPU = Debug|Any CPU
		Release|Any CPU = Release|Any CPU
	EndGlobalSection
	GlobalSection(ProjectConfigurationPlatforms) = postSolution
		{1DBB3860-5DA0-4885-B738-6E90D02A895A}.Debug|Any CPU.ActiveCfg = Debug|Any CPU
		{1DBB3860-5DA0-4885-B738-6E90D02A895A}.Debug|Any CPU.Build.0 = Debug|Any CPU
		{1DBB3860-5DA0-4885-B738-6E90D02A895A}.Release|Any CPU.ActiveCfg = Release|Any CPU
		{1DBB3860-5DA0-4885-B738-6E90D02A895A}.Release|Any CPU.Build.0 = Release|Any CPU
	EndGlobalSection
	GlobalSection(SolutionProperties) = preSolution
		HideSolutionNode = FALSE
	EndGlobalSection
	GlobalSection(ExtensibilityGlobals) = postSolution
		SolutionGuid = {FE18DEFF-0998-41B7-92D5-394BE45EAF92}
	EndGlobalSection
EndGlobal
